// !$*UTF8*$!
{
	archiveVersion = 1;
	classes = {
	};
	objectVersion = 56;
	objects = {

/* Begin PBXBuildFile section */
		8A8474F12935D9C50001F868 /* AppDelegate.swift in Sources */ = {isa = PBXBuildFile; fileRef = 8A8474F02935D9C50001F868 /* AppDelegate.swift */; };
		8A8474F32935D9C50001F868 /* SceneDelegate.swift in Sources */ = {isa = PBXBuildFile; fileRef = 8A8474F22935D9C50001F868 /* SceneDelegate.swift */; };
		8A8474F52935D9C50001F868 /* ViewController.swift in Sources */ = {isa = PBXBuildFile; fileRef = 8A8474F42935D9C50001F868 /* ViewController.swift */; };
		8A8474F82935D9C50001F868 /* Main.storyboard in Resources */ = {isa = PBXBuildFile; fileRef = 8A8474F62935D9C50001F868 /* Main.storyboard */; };
		8A8474FA2935DA520001F868 /* Assets.xcassets in Resources */ = {isa = PBXBuildFile; fileRef = 8A8474F92935DA520001F868 /* Assets.xcassets */; };
		8A8474FD2935DA520001F868 /* LaunchScreen.storyboard in Resources */ = {isa = PBXBuildFile; fileRef = 8A8474FB2935DA520001F868 /* LaunchScreen.storyboard */; };
		8A84752029376B3F0001F868 /* NetworkManager.swift in Sources */ = {isa = PBXBuildFile; fileRef = 8A84751F29376B3F0001F868 /* NetworkManager.swift */; };
		8A84752329376BB20001F868 /* URLCollection.swift in Sources */ = {isa = PBXBuildFile; fileRef = 8A84752229376BB20001F868 /* URLCollection.swift */; };
		8A84752529376C5D0001F868 /* CustomError.swift in Sources */ = {isa = PBXBuildFile; fileRef = 8A84752429376C5D0001F868 /* CustomError.swift */; };
		8A847528293772390001F868 /* ProductListResponse.swift in Sources */ = {isa = PBXBuildFile; fileRef = 8A847527293772390001F868 /* ProductListResponse.swift */; };
		8A84752A293772510001F868 /* Product.swift in Sources */ = {isa = PBXBuildFile; fileRef = 8A847529293772510001F868 /* Product.swift */; };
/* End PBXBuildFile section */

/* Begin PBXFileReference section */
		8A8474ED2935D9C50001F868 /* OpenMarket_Refactor.app */ = {isa = PBXFileReference; explicitFileType = wrapper.application; includeInIndex = 0; path = OpenMarket_Refactor.app; sourceTree = BUILT_PRODUCTS_DIR; };
		8A8474F02935D9C50001F868 /* AppDelegate.swift */ = {isa = PBXFileReference; lastKnownFileType = sourcecode.swift; path = AppDelegate.swift; sourceTree = "<group>"; };
		8A8474F22935D9C50001F868 /* SceneDelegate.swift */ = {isa = PBXFileReference; lastKnownFileType = sourcecode.swift; path = SceneDelegate.swift; sourceTree = "<group>"; };
		8A8474F42935D9C50001F868 /* ViewController.swift */ = {isa = PBXFileReference; lastKnownFileType = sourcecode.swift; path = ViewController.swift; sourceTree = "<group>"; };
		8A8474F72935D9C50001F868 /* Base */ = {isa = PBXFileReference; lastKnownFileType = file.storyboard; name = Base; path = Base.lproj/Main.storyboard; sourceTree = "<group>"; };
		8A8474F92935DA520001F868 /* Assets.xcassets */ = {isa = PBXFileReference; lastKnownFileType = folder.assetcatalog; path = Assets.xcassets; sourceTree = "<group>"; };
		8A8474FC2935DA520001F868 /* Base */ = {isa = PBXFileReference; lastKnownFileType = file.storyboard; name = Base; path = Base.lproj/LaunchScreen.storyboard; sourceTree = "<group>"; };
		8A8474FE2935DA520001F868 /* Info.plist */ = {isa = PBXFileReference; lastKnownFileType = text.plist.xml; path = Info.plist; sourceTree = "<group>"; };
		8A84751F29376B3F0001F868 /* NetworkManager.swift */ = {isa = PBXFileReference; lastKnownFileType = sourcecode.swift; path = NetworkManager.swift; sourceTree = "<group>"; };
		8A84752229376BB20001F868 /* URLCollection.swift */ = {isa = PBXFileReference; lastKnownFileType = sourcecode.swift; path = URLCollection.swift; sourceTree = "<group>"; };
		8A84752429376C5D0001F868 /* CustomError.swift */ = {isa = PBXFileReference; lastKnownFileType = sourcecode.swift; path = CustomError.swift; sourceTree = "<group>"; };
		8A847527293772390001F868 /* ProductListResponse.swift */ = {isa = PBXFileReference; lastKnownFileType = sourcecode.swift; path = ProductListResponse.swift; sourceTree = "<group>"; };
		8A847529293772510001F868 /* Product.swift */ = {isa = PBXFileReference; lastKnownFileType = sourcecode.swift; path = Product.swift; sourceTree = "<group>"; };
/* End PBXFileReference section */

/* Begin PBXFrameworksBuildPhase section */
		8A8474EA2935D9C50001F868 /* Frameworks */ = {
			isa = PBXFrameworksBuildPhase;
			buildActionMask = 2147483647;
			files = (
			);
			runOnlyForDeploymentPostprocessing = 0;
		};
/* End PBXFrameworksBuildPhase section */

/* Begin PBXGroup section */
		8A8474E42935D9C50001F868 = {
			isa = PBXGroup;
			children = (
				8A8474EF2935D9C50001F868 /* OpenMarket_Refactor */,
				8A8474EE2935D9C50001F868 /* Products */,
			);
			sourceTree = "<group>";
		};
		8A8474EE2935D9C50001F868 /* Products */ = {
			isa = PBXGroup;
			children = (
				8A8474ED2935D9C50001F868 /* OpenMarket_Refactor.app */,
			);
			name = Products;
			sourceTree = "<group>";
		};
		8A8474EF2935D9C50001F868 /* OpenMarket_Refactor */ = {
			isa = PBXGroup;
			children = (
				8A847526293771D50001F868 /* Model */,
				8A84752129376BA10001F868 /* Enum */,
				8A8475042935DBEE0001F868 /* NetWork */,
				8A8474F02935D9C50001F868 /* AppDelegate.swift */,
				8A8474F22935D9C50001F868 /* SceneDelegate.swift */,
				8A8474F42935D9C50001F868 /* ViewController.swift */,
				8A8474F62935D9C50001F868 /* Main.storyboard */,
				8A8474F92935DA520001F868 /* Assets.xcassets */,
				8A8474FB2935DA520001F868 /* LaunchScreen.storyboard */,
				8A8474FE2935DA520001F868 /* Info.plist */,
			);
			path = OpenMarket_Refactor;
			sourceTree = "<group>";
		};
		8A8475042935DBEE0001F868 /* NetWork */ = {
			isa = PBXGroup;
			children = (
				8A84751F29376B3F0001F868 /* NetworkManager.swift */,
			);
			path = NetWork;
			sourceTree = "<group>";
		};
		8A84752129376BA10001F868 /* Enum */ = {
			isa = PBXGroup;
			children = (
				8A84752229376BB20001F868 /* URLCollection.swift */,
				8A84752429376C5D0001F868 /* CustomError.swift */,
			);
			path = Enum;
			sourceTree = "<group>";
		};
		8A847526293771D50001F868 /* Model */ = {
			isa = PBXGroup;
			children = (
				8A847527293772390001F868 /* ProductListResponse.swift */,
				8A847529293772510001F868 /* Product.swift */,
			);
			path = Model;
			sourceTree = "<group>";
		};
/* End PBXGroup section */

/* Begin PBXNativeTarget section */
		8A8474EC2935D9C50001F868 /* OpenMarket_Refactor */ = {
			isa = PBXNativeTarget;
			buildConfigurationList = 8A8475012935DA520001F868 /* Build configuration list for PBXNativeTarget "OpenMarket_Refactor" */;
			buildPhases = (
				8A8474E92935D9C50001F868 /* Sources */,
				8A8474EA2935D9C50001F868 /* Frameworks */,
				8A8474EB2935D9C50001F868 /* Resources */,
			);
			buildRules = (
			);
			dependencies = (
			);
			name = OpenMarket_Refactor;
			productName = OpenMarket_Refactor;
			productReference = 8A8474ED2935D9C50001F868 /* OpenMarket_Refactor.app */;
			productType = "com.apple.product-type.application";
		};
/* End PBXNativeTarget section */

/* Begin PBXProject section */
		8A8474E52935D9C50001F868 /* Project object */ = {
			isa = PBXProject;
			attributes = {
				BuildIndependentTargetsInParallel = 1;
				LastSwiftUpdateCheck = 1410;
				LastUpgradeCheck = 1410;
				TargetAttributes = {
					8A8474EC2935D9C50001F868 = {
						CreatedOnToolsVersion = 14.1;
					};
				};
			};
			buildConfigurationList = 8A8474E82935D9C50001F868 /* Build configuration list for PBXProject "OpenMarket_Refactor" */;
			compatibilityVersion = "Xcode 14.0";
			developmentRegion = en;
			hasScannedForEncodings = 0;
			knownRegions = (
				en,
				Base,
			);
			mainGroup = 8A8474E42935D9C50001F868;
			productRefGroup = 8A8474EE2935D9C50001F868 /* Products */;
			projectDirPath = "";
			projectRoot = "";
			targets = (
				8A8474EC2935D9C50001F868 /* OpenMarket_Refactor */,
			);
		};
/* End PBXProject section */

/* Begin PBXResourcesBuildPhase section */
		8A8474EB2935D9C50001F868 /* Resources */ = {
			isa = PBXResourcesBuildPhase;
			buildActionMask = 2147483647;
			files = (
				8A8474FD2935DA520001F868 /* LaunchScreen.storyboard in Resources */,
				8A8474FA2935DA520001F868 /* Assets.xcassets in Resources */,
				8A8474F82935D9C50001F868 /* Main.storyboard in Resources */,
			);
			runOnlyForDeploymentPostprocessing = 0;
		};
/* End PBXResourcesBuildPhase section */

/* Begin PBXSourcesBuildPhase section */
		8A8474E92935D9C50001F868 /* Sources */ = {
			isa = PBXSourcesBuildPhase;
			buildActionMask = 2147483647;
			files = (
				8A84752029376B3F0001F868 /* NetworkManager.swift in Sources */,
				8A84752A293772510001F868 /* Product.swift in Sources */,
				8A8474F52935D9C50001F868 /* ViewController.swift in Sources */,
				8A8474F12935D9C50001F868 /* AppDelegate.swift in Sources */,
				8A84752329376BB20001F868 /* URLCollection.swift in Sources */,
				8A8474F32935D9C50001F868 /* SceneDelegate.swift in Sources */,
				8A84752529376C5D0001F868 /* CustomError.swift in Sources */,
				8A847528293772390001F868 /* ProductListResponse.swift in Sources */,
			);
			runOnlyForDeploymentPostprocessing = 0;
		};
/* End PBXSourcesBuildPhase section */

/* Begin PBXVariantGroup section */
		8A8474F62935D9C50001F868 /* Main.storyboard */ = {
			isa = PBXVariantGroup;
			children = (
				8A8474F72935D9C50001F868 /* Base */,
			);
			name = Main.storyboard;
			sourceTree = "<group>";
		};
		8A8474FB2935DA520001F868 /* LaunchScreen.storyboard */ = {
			isa = PBXVariantGroup;
			children = (
				8A8474FC2935DA520001F868 /* Base */,
			);
			name = LaunchScreen.storyboard;
			sourceTree = "<group>";
		};
/* End PBXVariantGroup section */

/* Begin XCBuildConfiguration section */
		8A8474FF2935DA520001F868 /* Debug */ = {
			isa = XCBuildConfiguration;
			buildSettings = {
				ALWAYS_SEARCH_USER_PATHS = NO;
				CLANG_ANALYZER_NONNULL = YES;
				CLANG_ANALYZER_NUMBER_OBJECT_CONVERSION = YES_AGGRESSIVE;
				CLANG_CXX_LANGUAGE_STANDARD = "gnu++20";
				CLANG_ENABLE_MODULES = YES;
				CLANG_ENABLE_OBJC_ARC = YES;
				CLANG_ENABLE_OBJC_WEAK = YES;
				CLANG_WARN_BLOCK_CAPTURE_AUTORELEASING = YES;
				CLANG_WARN_BOOL_CONVERSION = YES;
				CLANG_WARN_COMMA = YES;
				CLANG_WARN_CONSTANT_CONVERSION = YES;
				CLANG_WARN_DEPRECATED_OBJC_IMPLEMENTATIONS = YES;
				CLANG_WARN_DIRECT_OBJC_ISA_USAGE = YES_ERROR;
				CLANG_WARN_DOCUMENTATION_COMMENTS = YES;
				CLANG_WARN_EMPTY_BODY = YES;
				CLANG_WARN_ENUM_CONVERSION = YES;
				CLANG_WARN_INFINITE_RECURSION = YES;
				CLANG_WARN_INT_CONVERSION = YES;
				CLANG_WARN_NON_LITERAL_NULL_CONVERSION = YES;
				CLANG_WARN_OBJC_IMPLICIT_RETAIN_SELF = YES;
				CLANG_WARN_OBJC_LITERAL_CONVERSION = YES;
				CLANG_WARN_OBJC_ROOT_CLASS = YES_ERROR;
				CLANG_WARN_QUOTED_INCLUDE_IN_FRAMEWORK_HEADER = YES;
				CLANG_WARN_RANGE_LOOP_ANALYSIS = YES;
				CLANG_WARN_STRICT_PROTOTYPES = YES;
				CLANG_WARN_SUSPICIOUS_MOVE = YES;
				CLANG_WARN_UNGUARDED_AVAILABILITY = YES_AGGRESSIVE;
				CLANG_WARN_UNREACHABLE_CODE = YES;
				CLANG_WARN__DUPLICATE_METHOD_MATCH = YES;
				COPY_PHASE_STRIP = NO;
				DEBUG_INFORMATION_FORMAT = dwarf;
				ENABLE_STRICT_OBJC_MSGSEND = YES;
				ENABLE_TESTABILITY = YES;
				GCC_C_LANGUAGE_STANDARD = gnu11;
				GCC_DYNAMIC_NO_PIC = NO;
				GCC_NO_COMMON_BLOCKS = YES;
				GCC_OPTIMIZATION_LEVEL = 0;
				GCC_PREPROCESSOR_DEFINITIONS = (
					"DEBUG=1",
					"$(inherited)",
				);
				GCC_WARN_64_TO_32_BIT_CONVERSION = YES;
				GCC_WARN_ABOUT_RETURN_TYPE = YES_ERROR;
				GCC_WARN_UNDECLARED_SELECTOR = YES;
				GCC_WARN_UNINITIALIZED_AUTOS = YES_AGGRESSIVE;
				GCC_WARN_UNUSED_FUNCTION = YES;
				GCC_WARN_UNUSED_VARIABLE = YES;
				IPHONEOS_DEPLOYMENT_TARGET = 16.1;
				MTL_ENABLE_DEBUG_INFO = INCLUDE_SOURCE;
				MTL_FAST_MATH = YES;
				ONLY_ACTIVE_ARCH = YES;
				SDKROOT = iphoneos;
				SWIFT_ACTIVE_COMPILATION_CONDITIONS = DEBUG;
				SWIFT_OPTIMIZATION_LEVEL = "-Onone";
			};
			name = Debug;
		};
		8A8475002935DA520001F868 /* Release */ = {
			isa = XCBuildConfiguration;
			buildSettings = {
				ALWAYS_SEARCH_USER_PATHS = NO;
				CLANG_ANALYZER_NONNULL = YES;
				CLANG_ANALYZER_NUMBER_OBJECT_CONVERSION = YES_AGGRESSIVE;
				CLANG_CXX_LANGUAGE_STANDARD = "gnu++20";
				CLANG_ENABLE_MODULES = YES;
				CLANG_ENABLE_OBJC_ARC = YES;
				CLANG_ENABLE_OBJC_WEAK = YES;
				CLANG_WARN_BLOCK_CAPTURE_AUTORELEASING = YES;
				CLANG_WARN_BOOL_CONVERSION = YES;
				CLANG_WARN_COMMA = YES;
				CLANG_WARN_CONSTANT_CONVERSION = YES;
				CLANG_WARN_DEPRECATED_OBJC_IMPLEMENTATIONS = YES;
				CLANG_WARN_DIRECT_OBJC_ISA_USAGE = YES_ERROR;
				CLANG_WARN_DOCUMENTATION_COMMENTS = YES;
				CLANG_WARN_EMPTY_BODY = YES;
				CLANG_WARN_ENUM_CONVERSION = YES;
				CLANG_WARN_INFINITE_RECURSION = YES;
				CLANG_WARN_INT_CONVERSION = YES;
				CLANG_WARN_NON_LITERAL_NULL_CONVERSION = YES;
				CLANG_WARN_OBJC_IMPLICIT_RETAIN_SELF = YES;
				CLANG_WARN_OBJC_LITERAL_CONVERSION = YES;
				CLANG_WARN_OBJC_ROOT_CLASS = YES_ERROR;
				CLANG_WARN_QUOTED_INCLUDE_IN_FRAMEWORK_HEADER = YES;
				CLANG_WARN_RANGE_LOOP_ANALYSIS = YES;
				CLANG_WARN_STRICT_PROTOTYPES = YES;
				CLANG_WARN_SUSPICIOUS_MOVE = YES;
				CLANG_WARN_UNGUARDED_AVAILABILITY = YES_AGGRESSIVE;
				CLANG_WARN_UNREACHABLE_CODE = YES;
				CLANG_WARN__DUPLICATE_METHOD_MATCH = YES;
				COPY_PHASE_STRIP = NO;
				DEBUG_INFORMATION_FORMAT = "dwarf-with-dsym";
				ENABLE_NS_ASSERTIONS = NO;
				ENABLE_STRICT_OBJC_MSGSEND = YES;
				GCC_C_LANGUAGE_STANDARD = gnu11;
				GCC_NO_COMMON_BLOCKS = YES;
				GCC_WARN_64_TO_32_BIT_CONVERSION = YES;
				GCC_WARN_ABOUT_RETURN_TYPE = YES_ERROR;
				GCC_WARN_UNDECLARED_SELECTOR = YES;
				GCC_WARN_UNINITIALIZED_AUTOS = YES_AGGRESSIVE;
				GCC_WARN_UNUSED_FUNCTION = YES;
				GCC_WARN_UNUSED_VARIABLE = YES;
				IPHONEOS_DEPLOYMENT_TARGET = 16.1;
				MTL_ENABLE_DEBUG_INFO = NO;
				MTL_FAST_MATH = YES;
				SDKROOT = iphoneos;
				SWIFT_COMPILATION_MODE = wholemodule;
				SWIFT_OPTIMIZATION_LEVEL = "-O";
				VALIDATE_PRODUCT = YES;
			};
			name = Release;
		};
		8A8475022935DA520001F868 /* Debug */ = {
			isa = XCBuildConfiguration;
			buildSettings = {
				ASSETCATALOG_COMPILER_APPICON_NAME = AppIcon;
				ASSETCATALOG_COMPILER_GLOBAL_ACCENT_COLOR_NAME = AccentColor;
				CODE_SIGN_STYLE = Automatic;
				CURRENT_PROJECT_VERSION = 1;
				GENERATE_INFOPLIST_FILE = YES;
				INFOPLIST_FILE = OpenMarket_Refactor/Info.plist;
				INFOPLIST_KEY_UIApplicationSupportsIndirectInputEvents = YES;
				INFOPLIST_KEY_UILaunchStoryboardName = LaunchScreen;
				INFOPLIST_KEY_UIMainStoryboardFile = Main;
				INFOPLIST_KEY_UISupportedInterfaceOrientations_iPad = "UIInterfaceOrientationPortrait UIInterfaceOrientationPortraitUpsideDown UIInterfaceOrientationLandscapeLeft UIInterfaceOrientationLandscapeRight";
				INFOPLIST_KEY_UISupportedInterfaceOrientations_iPhone = "UIInterfaceOrientationPortrait UIInterfaceOrientationLandscapeLeft UIInterfaceOrientationLandscapeRight";
				LD_RUNPATH_SEARCH_PATHS = (
					"$(inherited)",
					"@executable_path/Frameworks",
				);
				MARKETING_VERSION = 1.0;
				PRODUCT_BUNDLE_IDENTIFIER = "net.yagom.OpenMarket-Refactor";
				PRODUCT_NAME = "$(TARGET_NAME)";
				SWIFT_EMIT_LOC_STRINGS = YES;
				SWIFT_VERSION = 5.0;
				TARGETED_DEVICE_FAMILY = "1,2";
			};
			name = Debug;
		};
		8A8475032935DA520001F868 /* Release */ = {
			isa = XCBuildConfiguration;
			buildSettings = {
				ASSETCATALOG_COMPILER_APPICON_NAME = AppIcon;
				ASSETCATALOG_COMPILER_GLOBAL_ACCENT_COLOR_NAME = AccentColor;
				CODE_SIGN_STYLE = Automatic;
				CURRENT_PROJECT_VERSION = 1;
				GENERATE_INFOPLIST_FILE = YES;
				INFOPLIST_FILE = OpenMarket_Refactor/Info.plist;
				INFOPLIST_KEY_UIApplicationSupportsIndirectInputEvents = YES;
				INFOPLIST_KEY_UILaunchStoryboardName = LaunchScreen;
				INFOPLIST_KEY_UIMainStoryboardFile = Main;
				INFOPLIST_KEY_UISupportedInterfaceOrientations_iPad = "UIInterfaceOrientationPortrait UIInterfaceOrientationPortraitUpsideDown UIInterfaceOrientationLandscapeLeft UIInterfaceOrientationLandscapeRight";
				INFOPLIST_KEY_UISupportedInterfaceOrientations_iPhone = "UIInterfaceOrientationPortrait UIInterfaceOrientationLandscapeLeft UIInterfaceOrientationLandscapeRight";
				LD_RUNPATH_SEARCH_PATHS = (
					"$(inherited)",
					"@executable_path/Frameworks",
				);
				MARKETING_VERSION = 1.0;
				PRODUCT_BUNDLE_IDENTIFIER = "net.yagom.OpenMarket-Refactor";
				PRODUCT_NAME = "$(TARGET_NAME)";
				SWIFT_EMIT_LOC_STRINGS = YES;
				SWIFT_VERSION = 5.0;
				TARGETED_DEVICE_FAMILY = "1,2";
			};
			name = Release;
		};
/* End XCBuildConfiguration section */

/* Begin XCConfigurationList section */
		8A8474E82935D9C50001F868 /* Build configuration list for PBXProject "OpenMarket_Refactor" */ = {
			isa = XCConfigurationList;
			buildConfigurations = (
				8A8474FF2935DA520001F868 /* Debug */,
				8A8475002935DA520001F868 /* Release */,
			);
			defaultConfigurationIsVisible = 0;
			defaultConfigurationName = Release;
		};
		8A8475012935DA520001F868 /* Build configuration list for PBXNativeTarget "OpenMarket_Refactor" */ = {
			isa = XCConfigurationList;
			buildConfigurations = (
				8A8475022935DA520001F868 /* Debug */,
				8A8475032935DA520001F868 /* Release */,
			);
			defaultConfigurationIsVisible = 0;
			defaultConfigurationName = Release;
		};
/* End XCConfigurationList section */
	};
	rootObject = 8A8474E52935D9C50001F868 /* Project object */;
}
